
Microsoft Visual Studio Solution File, Format Version 11.00
# Visual Studio 2010
Project("{FAE04EC0-301F-11D3-BF4B-00C04F79EFBC}") = "smartphone-moba-prototype (2)", "Assembly-CSharp-Editor-firstpass.csproj", "{FEA52943-F8AD-D3BB-5E87-609BECE23E12}"
EndProject
Project("{FAE04EC0-301F-11D3-BF4B-00C04F79EFBC}") = "smartphone-moba-prototype (2)", "Assembly-CSharp.csproj", "{3DF7D2C4-F485-836C-A833-329F12258C95}"
EndProject
Project("{FAE04EC0-301F-11D3-BF4B-00C04F79EFBC}") = "smartphone-moba-prototype (2)", "Assembly-CSharp-firstpass.csproj", "{5A5FC4B5-E59A-EA83-F339-E9F88E4341CC}"
EndProject
Project("{FAE04EC0-301F-11D3-BF4B-00C04F79EFBC}") = "smartphone-moba-prototype (2)", "Assembly-CSharp-Editor.csproj", "{85281144-F413-73BE-816F-3E98CEF23D4A}"
EndProject
Global
	GlobalSection(SolutionConfigurationPlatforms) = preSolution
		Debug|Any CPU = Debug|Any CPU
		Release|Any CPU = Release|Any CPU
	EndGlobalSection
	GlobalSection(ProjectConfigurationPlatforms) = postSolution
		{FEA52943-F8AD-D3BB-5E87-609BECE23E12}.Debug|Any CPU.ActiveCfg = Debug|Any CPU
		{FEA52943-F8AD-D3BB-5E87-609BECE23E12}.Debug|Any CPU.Build.0 = Debug|Any CPU
		{FEA52943-F8AD-D3BB-5E87-609BECE23E12}.Release|Any CPU.ActiveCfg = Release|Any CPU
		{FEA52943-F8AD-D3BB-5E87-609BECE23E12}.Release|Any CPU.Build.0 = Release|Any CPU
		{3DF7D2C4-F485-836C-A833-329F12258C95}.Debug|Any CPU.ActiveCfg = Debug|Any CPU
		{3DF7D2C4-F485-836C-A833-329F12258C95}.Debug|Any CPU.Build.0 = Debug|Any CPU
		{3DF7D2C4-F485-836C-A833-329F12258C95}.Release|Any CPU.ActiveCfg = Release|Any CPU
		{3DF7D2C4-F485-836C-A833-329F12258C95}.Release|Any CPU.Build.0 = Release|Any CPU
		{5A5FC4B5-E59A-EA83-F339-E9F88E4341CC}.Debug|Any CPU.ActiveCfg = Debug|Any CPU
		{5A5FC4B5-E59A-EA83-F339-E9F88E4341CC}.Debug|Any CPU.Build.0 = Debug|Any CPU
		{5A5FC4B5-E59A-EA83-F339-E9F88E4341CC}.Release|Any CPU.ActiveCfg = Release|Any CPU
		{5A5FC4B5-E59A-EA83-F339-E9F88E4341CC}.Release|Any CPU.Build.0 = Release|Any CPU
		{85281144-F413-73BE-816F-3E98CEF23D4A}.Debug|Any CPU.ActiveCfg = Debug|Any CPU
		{85281144-F413-73BE-816F-3E98CEF23D4A}.Debug|Any CPU.Build.0 = Debug|Any CPU
		{85281144-F413-73BE-816F-3E98CEF23D4A}.Release|Any CPU.ActiveCfg = Release|Any CPU
		{85281144-F413-73BE-816F-3E98CEF23D4A}.Release|Any CPU.Build.0 = Release|Any CPU
	EndGlobalSection
	GlobalSection(SolutionProperties) = preSolution
		HideSolutionNode = FALSE
	EndGlobalSection
	GlobalSection(MonoDevelopProperties) = preSolution
		StartupItem = Assembly-CSharp.csproj
	EndGlobalSection
EndGlobal
